// !$*UTF8*$!
{
	archiveVersion = 1;
	classes = {
	};
	objectVersion = 50;
	objects = {

/* Begin PBXBuildFile section */
		1E5A70822489599100402270 /* AppDelegate.swift in Sources */ = {isa = PBXBuildFile; fileRef = 1E5A70812489599100402270 /* AppDelegate.swift */; };
		1E5A70842489599200402270 /* SceneDelegate.swift in Sources */ = {isa = PBXBuildFile; fileRef = 1E5A70832489599100402270 /* SceneDelegate.swift */; };
		1E5A70862489599200402270 /* ContentView.swift in Sources */ = {isa = PBXBuildFile; fileRef = 1E5A70852489599200402270 /* ContentView.swift */; };
		1E5A70882489599900402270 /* Assets.xcassets in Resources */ = {isa = PBXBuildFile; fileRef = 1E5A70872489599900402270 /* Assets.xcassets */; };
		1E5A708B2489599900402270 /* Preview Assets.xcassets in Resources */ = {isa = PBXBuildFile; fileRef = 1E5A708A2489599900402270 /* Preview Assets.xcassets */; };
		1E5A708E2489599900402270 /* LaunchScreen.storyboard in Resources */ = {isa = PBXBuildFile; fileRef = 1E5A708C2489599900402270 /* LaunchScreen.storyboard */; };
		1E5A709624895CDF00402270 /* ConferencesView.swift in Sources */ = {isa = PBXBuildFile; fileRef = 1E5A709524895CDF00402270 /* ConferencesView.swift */; };
		1E5A709824895EC100402270 /* ConferenceCard.swift in Sources */ = {isa = PBXBuildFile; fileRef = 1E5A709724895EC100402270 /* ConferenceCard.swift */; };
		1EC99AF024896D7400FFD866 /* TeamsModel.swift in Sources */ = {isa = PBXBuildFile; fileRef = 1EC99AEF24896D7400FFD866 /* TeamsModel.swift */; };
		1EC99AF224896ECD00FFD866 /* DataModel.swift in Sources */ = {isa = PBXBuildFile; fileRef = 1EC99AF124896ECD00FFD866 /* DataModel.swift */; };
		1EC99AF4248971EC00FFD866 /* TeamsListView.swift in Sources */ = {isa = PBXBuildFile; fileRef = 1EC99AF3248971EC00FFD866 /* TeamsListView.swift */; };
/* End PBXBuildFile section */

/* Begin PBXFileReference section */
		1E5A707E2489599100402270 /* ScoreCard Live.app */ = {isa = PBXFileReference; explicitFileType = wrapper.application; includeInIndex = 0; path = "ScoreCard Live.app"; sourceTree = BUILT_PRODUCTS_DIR; };
		1E5A70812489599100402270 /* AppDelegate.swift */ = {isa = PBXFileReference; lastKnownFileType = sourcecode.swift; path = AppDelegate.swift; sourceTree = "<group>"; };
		1E5A70832489599100402270 /* SceneDelegate.swift */ = {isa = PBXFileReference; lastKnownFileType = sourcecode.swift; path = SceneDelegate.swift; sourceTree = "<group>"; };
		1E5A70852489599200402270 /* ContentView.swift */ = {isa = PBXFileReference; lastKnownFileType = sourcecode.swift; path = ContentView.swift; sourceTree = "<group>"; };
		1E5A70872489599900402270 /* Assets.xcassets */ = {isa = PBXFileReference; lastKnownFileType = folder.assetcatalog; path = Assets.xcassets; sourceTree = "<group>"; };
		1E5A708A2489599900402270 /* Preview Assets.xcassets */ = {isa = PBXFileReference; lastKnownFileType = folder.assetcatalog; path = "Preview Assets.xcassets"; sourceTree = "<group>"; };
		1E5A708D2489599900402270 /* Base */ = {isa = PBXFileReference; lastKnownFileType = file.storyboard; name = Base; path = Base.lproj/LaunchScreen.storyboard; sourceTree = "<group>"; };
		1E5A708F2489599900402270 /* Info.plist */ = {isa = PBXFileReference; lastKnownFileType = text.plist.xml; path = Info.plist; sourceTree = "<group>"; };
		1E5A709524895CDF00402270 /* ConferencesView.swift */ = {isa = PBXFileReference; lastKnownFileType = sourcecode.swift; path = ConferencesView.swift; sourceTree = "<group>"; };
		1E5A709724895EC100402270 /* ConferenceCard.swift */ = {isa = PBXFileReference; lastKnownFileType = sourcecode.swift; path = ConferenceCard.swift; sourceTree = "<group>"; };
		1EC99AEF24896D7400FFD866 /* TeamsModel.swift */ = {isa = PBXFileReference; lastKnownFileType = sourcecode.swift; path = TeamsModel.swift; sourceTree = "<group>"; };
		1EC99AF124896ECD00FFD866 /* DataModel.swift */ = {isa = PBXFileReference; lastKnownFileType = sourcecode.swift; path = DataModel.swift; sourceTree = "<group>"; };
		1EC99AF3248971EC00FFD866 /* TeamsListView.swift */ = {isa = PBXFileReference; lastKnownFileType = sourcecode.swift; path = TeamsListView.swift; sourceTree = "<group>"; };
/* End PBXFileReference section */

/* Begin PBXFrameworksBuildPhase section */
		1E5A707B2489599100402270 /* Frameworks */ = {
			isa = PBXFrameworksBuildPhase;
			buildActionMask = 2147483647;
			files = (
			);
			runOnlyForDeploymentPostprocessing = 0;
		};
/* End PBXFrameworksBuildPhase section */

/* Begin PBXGroup section */
		1E5A70752489599100402270 = {
			isa = PBXGroup;
			children = (
				1E5A70802489599100402270 /* ScoreCard Live */,
				1E5A707F2489599100402270 /* Products */,
			);
			sourceTree = "<group>";
		};
		1E5A707F2489599100402270 /* Products */ = {
			isa = PBXGroup;
			children = (
				1E5A707E2489599100402270 /* ScoreCard Live.app */,
			);
			name = Products;
			sourceTree = "<group>";
		};
		1E5A70802489599100402270 /* ScoreCard Live */ = {
			isa = PBXGroup;
			children = (
				1E5A70812489599100402270 /* AppDelegate.swift */,
				1E5A70832489599100402270 /* SceneDelegate.swift */,
				1E5A70852489599200402270 /* ContentView.swift */,
				1EC99AF3248971EC00FFD866 /* TeamsListView.swift */,
				1EC99AEF24896D7400FFD866 /* TeamsModel.swift */,
				1EC99AF124896ECD00FFD866 /* DataModel.swift */,
				1E5A709524895CDF00402270 /* ConferencesView.swift */,
				1E5A709724895EC100402270 /* ConferenceCard.swift */,
				1E5A70872489599900402270 /* Assets.xcassets */,
				1E5A708C2489599900402270 /* LaunchScreen.storyboard */,
				1E5A708F2489599900402270 /* Info.plist */,
				1E5A70892489599900402270 /* Preview Content */,
			);
			path = "ScoreCard Live";
			sourceTree = "<group>";
		};
		1E5A70892489599900402270 /* Preview Content */ = {
			isa = PBXGroup;
			children = (
				1E5A708A2489599900402270 /* Preview Assets.xcassets */,
			);
			path = "Preview Content";
			sourceTree = "<group>";
		};
/* End PBXGroup section */

/* Begin PBXNativeTarget section */
		1E5A707D2489599100402270 /* ScoreCard Live */ = {
			isa = PBXNativeTarget;
			buildConfigurationList = 1E5A70922489599900402270 /* Build configuration list for PBXNativeTarget "ScoreCard Live" */;
			buildPhases = (
				1E5A707A2489599100402270 /* Sources */,
				1E5A707B2489599100402270 /* Frameworks */,
				1E5A707C2489599100402270 /* Resources */,
			);
			buildRules = (
			);
			dependencies = (
			);
			name = "ScoreCard Live";
			productName = "ScoreCard Live";
			productReference = 1E5A707E2489599100402270 /* ScoreCard Live.app */;
			productType = "com.apple.product-type.application";
		};
/* End PBXNativeTarget section */

/* Begin PBXProject section */
		1E5A70762489599100402270 /* Project object */ = {
			isa = PBXProject;
			attributes = {
				LastSwiftUpdateCheck = 1150;
				LastUpgradeCheck = 1150;
				ORGANIZATIONNAME = "Dhruv Shah";
				TargetAttributes = {
					1E5A707D2489599100402270 = {
						CreatedOnToolsVersion = 11.5;
					};
				};
			};
			buildConfigurationList = 1E5A70792489599100402270 /* Build configuration list for PBXProject "ScoreCard Live" */;
			compatibilityVersion = "Xcode 9.3";
			developmentRegion = en;
			hasScannedForEncodings = 0;
			knownRegions = (
				en,
				Base,
			);
			mainGroup = 1E5A70752489599100402270;
			productRefGroup = 1E5A707F2489599100402270 /* Products */;
			projectDirPath = "";
			projectRoot = "";
			targets = (
				1E5A707D2489599100402270 /* ScoreCard Live */,
			);
		};
/* End PBXProject section */

/* Begin PBXResourcesBuildPhase section */
		1E5A707C2489599100402270 /* Resources */ = {
			isa = PBXResourcesBuildPhase;
			buildActionMask = 2147483647;
			files = (
				1E5A708E2489599900402270 /* LaunchScreen.storyboard in Resources */,
				1E5A708B2489599900402270 /* Preview Assets.xcassets in Resources */,
				1E5A70882489599900402270 /* Assets.xcassets in Resources */,
			);
			runOnlyForDeploymentPostprocessing = 0;
		};
/* End PBXResourcesBuildPhase section */

/* Begin PBXSourcesBuildPhase section */
		1E5A707A2489599100402270 /* Sources */ = {
			isa = PBXSourcesBuildPhase;
			buildActionMask = 2147483647;
			files = (
				1EC99AF224896ECD00FFD866 /* DataModel.swift in Sources */,
				1E5A70822489599100402270 /* AppDelegate.swift in Sources */,
				1E5A70842489599200402270 /* SceneDelegate.swift in Sources */,
				1EC99AF024896D7400FFD866 /* TeamsModel.swift in Sources */,
				1E5A709624895CDF00402270 /* ConferencesView.swift in Sources */,
				1E5A709824895EC100402270 /* ConferenceCard.swift in Sources */,
				1E5A70862489599200402270 /* ContentView.swift in Sources */,
				1EC99AF4248971EC00FFD866 /* TeamsListView.swift in Sources */,
			);
			runOnlyForDeploymentPostprocessing = 0;
		};
/* End PBXSourcesBuildPhase section */

/* Begin PBXVariantGroup section */
		1E5A708C2489599900402270 /* LaunchScreen.storyboard */ = {
			isa = PBXVariantGroup;
			children = (
				1E5A708D2489599900402270 /* Base */,
			);
			name = LaunchScreen.storyboard;
			sourceTree = "<group>";
		};
/* End PBXVariantGroup section */

/* Begin XCBuildConfiguration section */
		1E5A70902489599900402270 /* Debug */ = {
			isa = XCBuildConfiguration;
			buildSettings = {
				ALWAYS_SEARCH_USER_PATHS = NO;
				CLANG_ANALYZER_NONNULL = YES;
				CLANG_ANALYZER_NUMBER_OBJECT_CONVERSION = YES_AGGRESSIVE;
				CLANG_CXX_LANGUAGE_STANDARD = "gnu++14";
				CLANG_CXX_LIBRARY = "libc++";
				CLANG_ENABLE_MODULES = YES;
				CLANG_ENABLE_OBJC_ARC = YES;
				CLANG_ENABLE_OBJC_WEAK = YES;
				CLANG_WARN_BLOCK_CAPTURE_AUTORELEASING = YES;
				CLANG_WARN_BOOL_CONVERSION = YES;
				CLANG_WARN_COMMA = YES;
				CLANG_WARN_CONSTANT_CONVERSION = YES;
				CLANG_WARN_DEPRECATED_OBJC_IMPLEMENTATIONS = YES;
				CLANG_WARN_DIRECT_OBJC_ISA_USAGE = YES_ERROR;
				CLANG_WARN_DOCUMENTATION_COMMENTS = YES;
				CLANG_WARN_EMPTY_BODY = YES;
				CLANG_WARN_ENUM_CONVERSION = YES;
				CLANG_WARN_INFINITE_RECURSION = YES;
				CLANG_WARN_INT_CONVERSION = YES;
				CLANG_WARN_NON_LITERAL_NULL_CONVERSION = YES;
				CLANG_WARN_OBJC_IMPLICIT_RETAIN_SELF = YES;
				CLANG_WARN_OBJC_LITERAL_CONVERSION = YES;
				CLANG_WARN_OBJC_ROOT_CLASS = YES_ERROR;
				CLANG_WARN_RANGE_LOOP_ANALYSIS = YES;
				CLANG_WARN_STRICT_PROTOTYPES = YES;
				CLANG_WARN_SUSPICIOUS_MOVE = YES;
				CLANG_WARN_UNGUARDED_AVAILABILITY = YES_AGGRESSIVE;
				CLANG_WARN_UNREACHABLE_CODE = YES;
				CLANG_WARN__DUPLICATE_METHOD_MATCH = YES;
				COPY_PHASE_STRIP = NO;
				DEBUG_INFORMATION_FORMAT = dwarf;
				ENABLE_STRICT_OBJC_MSGSEND = YES;
				ENABLE_TESTABILITY = YES;
				GCC_C_LANGUAGE_STANDARD = gnu11;
				GCC_DYNAMIC_NO_PIC = NO;
				GCC_NO_COMMON_BLOCKS = YES;
				GCC_OPTIMIZATION_LEVEL = 0;
				GCC_PREPROCESSOR_DEFINITIONS = (
					"DEBUG=1",
					"$(inherited)",
				);
				GCC_WARN_64_TO_32_BIT_CONVERSION = YES;
				GCC_WARN_ABOUT_RETURN_TYPE = YES_ERROR;
				GCC_WARN_UNDECLARED_SELECTOR = YES;
				GCC_WARN_UNINITIALIZED_AUTOS = YES_AGGRESSIVE;
				GCC_WARN_UNUSED_FUNCTION = YES;
				GCC_WARN_UNUSED_VARIABLE = YES;
				IPHONEOS_DEPLOYMENT_TARGET = 13.5;
				MTL_ENABLE_DEBUG_INFO = INCLUDE_SOURCE;
				MTL_FAST_MATH = YES;
				ONLY_ACTIVE_ARCH = YES;
				SDKROOT = iphoneos;
				SWIFT_ACTIVE_COMPILATION_CONDITIONS = DEBUG;
				SWIFT_OPTIMIZATION_LEVEL = "-Onone";
			};
			name = Debug;
		};
		1E5A70912489599900402270 /* Release */ = {
			isa = XCBuildConfiguration;
			buildSettings = {
				ALWAYS_SEARCH_USER_PATHS = NO;
				CLANG_ANALYZER_NONNULL = YES;
				CLANG_ANALYZER_NUMBER_OBJECT_CONVERSION = YES_AGGRESSIVE;
				CLANG_CXX_LANGUAGE_STANDARD = "gnu++14";
				CLANG_CXX_LIBRARY = "libc++";
				CLANG_ENABLE_MODULES = YES;
				CLANG_ENABLE_OBJC_ARC = YES;
				CLANG_ENABLE_OBJC_WEAK = YES;
				CLANG_WARN_BLOCK_CAPTURE_AUTORELEASING = YES;
				CLANG_WARN_BOOL_CONVERSION = YES;
				CLANG_WARN_COMMA = YES;
				CLANG_WARN_CONSTANT_CONVERSION = YES;
				CLANG_WARN_DEPRECATED_OBJC_IMPLEMENTATIONS = YES;
				CLANG_WARN_DIRECT_OBJC_ISA_USAGE = YES_ERROR;
				CLANG_WARN_DOCUMENTATION_COMMENTS = YES;
				CLANG_WARN_EMPTY_BODY = YES;
				CLANG_WARN_ENUM_CONVERSION = YES;
				CLANG_WARN_INFINITE_RECURSION = YES;
				CLANG_WARN_INT_CONVERSION = YES;
				CLANG_WARN_NON_LITERAL_NULL_CONVERSION = YES;
				CLANG_WARN_OBJC_IMPLICIT_RETAIN_SELF = YES;
				CLANG_WARN_OBJC_LITERAL_CONVERSION = YES;
				CLANG_WARN_OBJC_ROOT_CLASS = YES_ERROR;
				CLANG_WARN_RANGE_LOOP_ANALYSIS = YES;
				CLANG_WARN_STRICT_PROTOTYPES = YES;
				CLANG_WARN_SUSPICIOUS_MOVE = YES;
				CLANG_WARN_UNGUARDED_AVAILABILITY = YES_AGGRESSIVE;
				CLANG_WARN_UNREACHABLE_CODE = YES;
				CLANG_WARN__DUPLICATE_METHOD_MATCH = YES;
				COPY_PHASE_STRIP = NO;
				DEBUG_INFORMATION_FORMAT = "dwarf-with-dsym";
				ENABLE_NS_ASSERTIONS = NO;
				ENABLE_STRICT_OBJC_MSGSEND = YES;
				GCC_C_LANGUAGE_STANDARD = gnu11;
				GCC_NO_COMMON_BLOCKS = YES;
				GCC_WARN_64_TO_32_BIT_CONVERSION = YES;
				GCC_WARN_ABOUT_RETURN_TYPE = YES_ERROR;
				GCC_WARN_UNDECLARED_SELECTOR = YES;
				GCC_WARN_UNINITIALIZED_AUTOS = YES_AGGRESSIVE;
				GCC_WARN_UNUSED_FUNCTION = YES;
				GCC_WARN_UNUSED_VARIABLE = YES;
				IPHONEOS_DEPLOYMENT_TARGET = 13.5;
				MTL_ENABLE_DEBUG_INFO = NO;
				MTL_FAST_MATH = YES;
				SDKROOT = iphoneos;
				SWIFT_COMPILATION_MODE = wholemodule;
				SWIFT_OPTIMIZATION_LEVEL = "-O";
				VALIDATE_PRODUCT = YES;
			};
			name = Release;
		};
		1E5A70932489599900402270 /* Debug */ = {
			isa = XCBuildConfiguration;
			buildSettings = {
				ASSETCATALOG_COMPILER_APPICON_NAME = AppIcon;
				CODE_SIGN_STYLE = Automatic;
				DEVELOPMENT_ASSET_PATHS = "\"ScoreCard Live/Preview Content\"";
				DEVELOPMENT_TEAM = WN69BMQXZR;
				ENABLE_PREVIEWS = YES;
				INFOPLIST_FILE = "ScoreCard Live/Info.plist";
				IPHONEOS_DEPLOYMENT_TARGET = 13.4;
				LD_RUNPATH_SEARCH_PATHS = (
					"$(inherited)",
					"@executable_path/Frameworks",
				);
				PRODUCT_BUNDLE_IDENTIFIER = "tech.dhruvshah.ScoreCard-Live";
				PRODUCT_NAME = "$(TARGET_NAME)";
				SWIFT_VERSION = 5.0;
				TARGETED_DEVICE_FAMILY = "1,2";
			};
			name = Debug;
		};
		1E5A70942489599900402270 /* Release */ = {
			isa = XCBuildConfiguration;
			buildSettings = {
				ASSETCATALOG_COMPILER_APPICON_NAME = AppIcon;
				CODE_SIGN_STYLE = Automatic;
				DEVELOPMENT_ASSET_PATHS = "\"ScoreCard Live/Preview Content\"";
				DEVELOPMENT_TEAM = WN69BMQXZR;
				ENABLE_PREVIEWS = YES;
				INFOPLIST_FILE = "ScoreCard Live/Info.plist";
				IPHONEOS_DEPLOYMENT_TARGET = 13.4;
				LD_RUNPATH_SEARCH_PATHS = (
					"$(inherited)",
					"@executable_path/Frameworks",
				);
				PRODUCT_BUNDLE_IDENTIFIER = "tech.dhruvshah.ScoreCard-Live";
				PRODUCT_NAME = "$(TARGET_NAME)";
				SWIFT_VERSION = 5.0;
				TARGETED_DEVICE_FAMILY = "1,2";
			};
			name = Release;
		};
/* End XCBuildConfiguration section */

/* Begin XCConfigurationList section */
		1E5A70792489599100402270 /* Build configuration list for PBXProject "ScoreCard Live" */ = {
			isa = XCConfigurationList;
			buildConfigurations = (
				1E5A70902489599900402270 /* Debug */,
				1E5A70912489599900402270 /* Release */,
			);
			defaultConfigurationIsVisible = 0;
			defaultConfigurationName = Release;
		};
		1E5A70922489599900402270 /* Build configuration list for PBXNativeTarget "ScoreCard Live" */ = {
			isa = XCConfigurationList;
			buildConfigurations = (
				1E5A70932489599900402270 /* Debug */,
				1E5A70942489599900402270 /* Release */,
			);
			defaultConfigurationIsVisible = 0;
			defaultConfigurationName = Release;
		};
/* End XCConfigurationList section */
	};
	rootObject = 1E5A70762489599100402270 /* Project object */;
}
